
Microsoft Visual Studio Solution File, Format Version 12.00
# Visual Studio Version 17
VisualStudioVersion = 17.12.35527.113
MinimumVisualStudioVersion = 10.0.40219.1
Project("{FAE04EC0-301F-11D3-BF4B-00C04F79EFBC}") = "GoldenGeneration.Infrastructure", "GoldenGeneration.Infrastructure\GoldenGeneration.Infrastructure.csproj", "{38733658-4EE2-4588-810B-A4C56B08F0EB}"
EndProject
Project("{FAE04EC0-301F-11D3-BF4B-00C04F79EFBC}") = "GoldenGeneration.Services", "GoldenGeneration.Services\GoldenGeneration.Services.csproj", "{91736F0D-5041-4C38-B7FB-CBEC6078FADA}"
EndProject
Project("{FAE04EC0-301F-11D3-BF4B-00C04F79EFBC}") = "GoldenGeneration.Web", "GoldenGeneration.Web\GoldenGeneration.Web.csproj", "{01872699-0507-4C75-AAA3-5194F973379E}"
EndProject
Project("{FAE04EC0-301F-11D3-BF4B-00C04F79EFBC}") = "GoldenGeneration.Tests", "GoldenGeneration.Tests\GoldenGeneration.Tests.csproj", "{D75CFAD5-519C-43AA-ADE8-9584B2A6B66A}"
EndProject
Global
	GlobalSection(SolutionConfigurationPlatforms) = preSolution
		Debug|Any CPU = Debug|Any CPU
		Release|Any CPU = Release|Any CPU
	EndGlobalSection
	GlobalSection(ProjectConfigurationPlatforms) = postSolution
		{38733658-4EE2-4588-810B-A4C56B08F0EB}.Debug|Any CPU.ActiveCfg = Debug|Any CPU
		{38733658-4EE2-4588-810B-A4C56B08F0EB}.Debug|Any CPU.Build.0 = Debug|Any CPU
		{38733658-4EE2-4588-810B-A4C56B08F0EB}.Release|Any CPU.ActiveCfg = Release|Any CPU
		{38733658-4EE2-4588-810B-A4C56B08F0EB}.Release|Any CPU.Build.0 = Release|Any CPU
		{91736F0D-5041-4C38-B7FB-CBEC6078FADA}.Debug|Any CPU.ActiveCfg = Debug|Any CPU
		{91736F0D-5041-4C38-B7FB-CBEC6078FADA}.Debug|Any CPU.Build.0 = Debug|Any CPU
		{91736F0D-5041-4C38-B7FB-CBEC6078FADA}.Release|Any CPU.ActiveCfg = Release|Any CPU
		{91736F0D-5041-4C38-B7FB-CBEC6078FADA}.Release|Any CPU.Build.0 = Release|Any CPU
		{01872699-0507-4C75-AAA3-5194F973379E}.Debug|Any CPU.ActiveCfg = Debug|Any CPU
		{01872699-0507-4C75-AAA3-5194F973379E}.Debug|Any CPU.Build.0 = Debug|Any CPU
		{01872699-0507-4C75-AAA3-5194F973379E}.Release|Any CPU.ActiveCfg = Release|Any CPU
		{01872699-0507-4C75-AAA3-5194F973379E}.Release|Any CPU.Build.0 = Release|Any CPU
		{D75CFAD5-519C-43AA-ADE8-9584B2A6B66A}.Debug|Any CPU.ActiveCfg = Debug|Any CPU
		{D75CFAD5-519C-43AA-ADE8-9584B2A6B66A}.Debug|Any CPU.Build.0 = Debug|Any CPU
		{D75CFAD5-519C-43AA-ADE8-9584B2A6B66A}.Release|Any CPU.ActiveCfg = Release|Any CPU
		{D75CFAD5-519C-43AA-ADE8-9584B2A6B66A}.Release|Any CPU.Build.0 = Release|Any CPU
	EndGlobalSection
	GlobalSection(SolutionProperties) = preSolution
		HideSolutionNode = FALSE
	EndGlobalSection
EndGlobal
